{
  "requires": true,
  "lockfileVersion": 1,
  "dependencies": {
    "react-tilt": {
      "version": "0.1.4",
      "resolved": "https://registry.npmjs.org/react-tilt/-/react-tilt-0.1.4.tgz",
      "integrity": "sha512-bVeRumg+RIn6QN8S92UmubGqX/BG6/QeQISBeAcrS/70dpo/jVj+sjikIawDl5wTuPdubFH8zH0EMulWIctsnw=="
    }
  }
}
